// !$*UTF8*$!
{
	archiveVersion = 1;
	classes = {
	};
	objectVersion = 46;
	objects = {

/* Begin PBXBuildFile section */
		00080BB8181D94B800CCF4BF /* Vizoal-Icon-Green.png in Resources */ = {isa = PBXBuildFile; fileRef = 00080BB6181D94B800CCF4BF /* Vizoal-Icon-Green.png */; };
		00080BBB181DD9AB00CCF4BF /* APActivityProvider.m in Sources */ = {isa = PBXBuildFile; fileRef = 00080BBA181DD9AB00CCF4BF /* APActivityProvider.m */; };
		00080BBE181DDA2500CCF4BF /* APActivityIcon.m in Sources */ = {isa = PBXBuildFile; fileRef = 00080BBD181DDA2500CCF4BF /* APActivityIcon.m */; };
		0010EAC61828BC2D006822D7 /* FacebookSDK.framework in Frameworks */ = {isa = PBXBuildFile; fileRef = 0010EAC51828BC2D006822D7 /* FacebookSDK.framework */; };
		007C9CE018176B8200DA235C /* club placeholder.png in Resources */ = {isa = PBXBuildFile; fileRef = 007C9CDC18176B8200DA235C /* club placeholder.png */; };
		007C9CE118176B8200DA235C /* player-placeholder2.png in Resources */ = {isa = PBXBuildFile; fileRef = 007C9CDD18176B8200DA235C /* player-placeholder2.png */; };
		007C9CE218176B8200DA235C /* country-placeholder.png in Resources */ = {isa = PBXBuildFile; fileRef = 007C9CDE18176B8200DA235C /* country-placeholder.png */; };
		009541291803BAED00E02794 /* PlayerProfileDetailVC_tab1.m in Sources */ = {isa = PBXBuildFile; fileRef = 009541281803BAED00E02794 /* PlayerProfileDetailVC_tab1.m */; };
		0095412C1803BDB300E02794 /* playerProfileDetailTBC.m in Sources */ = {isa = PBXBuildFile; fileRef = 0095412B1803BDB300E02794 /* playerProfileDetailTBC.m */; };
		0095414F1804CF0C00E02794 /* TopPlayersTVC.m in Sources */ = {isa = PBXBuildFile; fileRef = 0095414E1804CF0C00E02794 /* TopPlayersTVC.m */; };
		0095415B1804E35C00E02794 /* Model.xcdatamodeld in Sources */ = {isa = PBXBuildFile; fileRef = 009541591804E35C00E02794 /* Model.xcdatamodeld */; };
		0095415E1804E39F00E02794 /* PlayerPhoto.m in Sources */ = {isa = PBXBuildFile; fileRef = 0095415D1804E39F00E02794 /* PlayerPhoto.m */; };
		009541611804EDF500E02794 /* PlayerPhoto+Internet.m in Sources */ = {isa = PBXBuildFile; fileRef = 009541601804EDF500E02794 /* PlayerPhoto+Internet.m */; };
		009F18A5180242CB00BC385F /* 16.png in Resources */ = {isa = PBXBuildFile; fileRef = 009F18A4180242CB00BC385F /* 16.png */; };
		00A952AB180B7920004547C4 /* HomePageVC.m in Sources */ = {isa = PBXBuildFile; fileRef = 00A952A8180B7920004547C4 /* HomePageVC.m */; };
		00A952AC180B7920004547C4 /* ICETutorialPage.m in Sources */ = {isa = PBXBuildFile; fileRef = 00A952AA180B7920004547C4 /* ICETutorialPage.m */; };
		00A952BC180B7952004547C4 /* background-gradient.png in Resources */ = {isa = PBXBuildFile; fileRef = 00A952B0180B7952004547C4 /* background-gradient.png */; };
		00A952BD180B7952004547C4 /* background-gradient@2x.png in Resources */ = {isa = PBXBuildFile; fileRef = 00A952B1180B7952004547C4 /* background-gradient@2x.png */; };
		00A952BE180B7952004547C4 /* button-background.png in Resources */ = {isa = PBXBuildFile; fileRef = 00A952B2180B7952004547C4 /* button-background.png */; };
		00A952BF180B7952004547C4 /* button-background@2x.png in Resources */ = {isa = PBXBuildFile; fileRef = 00A952B3180B7952004547C4 /* button-background@2x.png */; };
		00A952C0180B7952004547C4 /* Default-568h@2x.png in Resources */ = {isa = PBXBuildFile; fileRef = 00A952B4180B7952004547C4 /* Default-568h@2x.png */; };
		00A952C1180B7952004547C4 /* Default.png in Resources */ = {isa = PBXBuildFile; fileRef = 00A952B5180B7952004547C4 /* Default.png */; };
		00A952C2180B7952004547C4 /* Default@2x.png in Resources */ = {isa = PBXBuildFile; fileRef = 00A952B6180B7952004547C4 /* Default@2x.png */; };
		00B7063F17FB78270011EAAE /* Foundation.framework in Frameworks */ = {isa = PBXBuildFile; fileRef = 00B7063E17FB78270011EAAE /* Foundation.framework */; };
		00B7064117FB78280011EAAE /* CoreGraphics.framework in Frameworks */ = {isa = PBXBuildFile; fileRef = 00B7064017FB78280011EAAE /* CoreGraphics.framework */; };
		00B7064317FB78280011EAAE /* UIKit.framework in Frameworks */ = {isa = PBXBuildFile; fileRef = 00B7064217FB78280011EAAE /* UIKit.framework */; };
		00B7064917FB78280011EAAE /* InfoPlist.strings in Resources */ = {isa = PBXBuildFile; fileRef = 00B7064717FB78280011EAAE /* InfoPlist.strings */; };
		00B7064B17FB78280011EAAE /* main.m in Sources */ = {isa = PBXBuildFile; fileRef = 00B7064A17FB78280011EAAE /* main.m */; };
		00B7064F17FB78280011EAAE /* PGCAppDelegate.m in Sources */ = {isa = PBXBuildFile; fileRef = 00B7064E17FB78280011EAAE /* PGCAppDelegate.m */; };
		00B7065217FB78280011EAAE /* Main_iPhone.storyboard in Resources */ = {isa = PBXBuildFile; fileRef = 00B7065017FB78280011EAAE /* Main_iPhone.storyboard */; };
		00B7065A17FB78280011EAAE /* Images.xcassets in Resources */ = {isa = PBXBuildFile; fileRef = 00B7065917FB78280011EAAE /* Images.xcassets */; };
		00B7066117FB78280011EAAE /* XCTest.framework in Frameworks */ = {isa = PBXBuildFile; fileRef = 00B7066017FB78280011EAAE /* XCTest.framework */; };
		00B7066217FB78280011EAAE /* Foundation.framework in Frameworks */ = {isa = PBXBuildFile; fileRef = 00B7063E17FB78270011EAAE /* Foundation.framework */; };
		00B7066317FB78280011EAAE /* UIKit.framework in Frameworks */ = {isa = PBXBuildFile; fileRef = 00B7064217FB78280011EAAE /* UIKit.framework */; };
		00B7066B17FB78280011EAAE /* InfoPlist.strings in Resources */ = {isa = PBXBuildFile; fileRef = 00B7066917FB78280011EAAE /* InfoPlist.strings */; };
		00B7066D17FB78280011EAAE /* PGCTests.m in Sources */ = {isa = PBXBuildFile; fileRef = 00B7066C17FB78280011EAAE /* PGCTests.m */; };
		00B7067717FB7D500011EAAE /* content_iPhone.plist in Resources */ = {isa = PBXBuildFile; fileRef = 00B7067617FB7D500011EAAE /* content_iPhone.plist */; };
		00B7068B17FB94690011EAAE /* ClubTVC.m in Sources */ = {isa = PBXBuildFile; fileRef = 00B7068417FB94690011EAAE /* ClubTVC.m */; };
		00B7068C17FB94690011EAAE /* ClubCell.m in Sources */ = {isa = PBXBuildFile; fileRef = 00B7068617FB94690011EAAE /* ClubCell.m */; };
		00B7068D17FB94690011EAAE /* PlayerCell.m in Sources */ = {isa = PBXBuildFile; fileRef = 00B7068817FB94690011EAAE /* PlayerCell.m */; };
		00B7068E17FB94690011EAAE /* ClubPlayersTVC.m in Sources */ = {isa = PBXBuildFile; fileRef = 00B7068A17FB94690011EAAE /* ClubPlayersTVC.m */; };
		00B7069317FBBFDB0011EAAE /* PlayerProfileVC.m in Sources */ = {isa = PBXBuildFile; fileRef = 00B7069217FBBFDB0011EAAE /* PlayerProfileVC.m */; };
		00B7069817FBCA760011EAAE /* Vizicon2.png in Resources */ = {isa = PBXBuildFile; fileRef = 00B7069617FBCA760011EAAE /* Vizicon2.png */; };
		00B7069917FBCA760011EAAE /* Vizoal-Icon-Green.png in Resources */ = {isa = PBXBuildFile; fileRef = 00B7069717FBCA760011EAAE /* Vizoal-Icon-Green.png */; };
		00EFC7E51842B5A1006E75A3 /* soccerfield-Large.png in Resources */ = {isa = PBXBuildFile; fileRef = 00EFC7E41842B5A1006E75A3 /* soccerfield-Large.png */; };
		3302CEC8180DD75F0021F533 /* PlayerHdPhoto.m in Sources */ = {isa = PBXBuildFile; fileRef = 3302CEC7180DD75F0021F533 /* PlayerHdPhoto.m */; };
		3302CECB180DD77A0021F533 /* PlayerHdPhoto+Internet.m in Sources */ = {isa = PBXBuildFile; fileRef = 3302CECA180DD77A0021F533 /* PlayerHdPhoto+Internet.m */; };
		3302CED7180E16A40021F533 /* PlayerProfileDetailVC_tab2.m in Sources */ = {isa = PBXBuildFile; fileRef = 3302CED6180E16A40021F533 /* PlayerProfileDetailVC_tab2.m */; };
		3302CEDA180E16B20021F533 /* PlayerProfileDetailVC_tab3.m in Sources */ = {isa = PBXBuildFile; fileRef = 3302CED9180E16B20021F533 /* PlayerProfileDetailVC_tab3.m */; };
		3302CEDD180E16BF0021F533 /* PlayerProfileDetailVC_tab4.m in Sources */ = {isa = PBXBuildFile; fileRef = 3302CEDC180E16BF0021F533 /* PlayerProfileDetailVC_tab4.m */; };
		3311F2531836E363009F7807 /* JSBubbleMessageCell.m in Sources */ = {isa = PBXBuildFile; fileRef = 3311F21B1836E363009F7807 /* JSBubbleMessageCell.m */; };
		3311F2541836E363009F7807 /* JSBubbleView.m in Sources */ = {isa = PBXBuildFile; fileRef = 3311F21D1836E363009F7807 /* JSBubbleView.m */; };
		3311F2551836E363009F7807 /* JSDismissiveTextView.m in Sources */ = {isa = PBXBuildFile; fileRef = 3311F21F1836E363009F7807 /* JSDismissiveTextView.m */; };
		3311F2561836E363009F7807 /* JSMessageInputView.m in Sources */ = {isa = PBXBuildFile; fileRef = 3311F2211836E363009F7807 /* JSMessageInputView.m */; };
		3311F2571836E363009F7807 /* JSMessageSoundEffect.m in Sources */ = {isa = PBXBuildFile; fileRef = 3311F2231836E363009F7807 /* JSMessageSoundEffect.m */; };
		3311F2581836E363009F7807 /* JSMessagesViewController.m in Sources */ = {isa = PBXBuildFile; fileRef = 3311F2251836E363009F7807 /* JSMessagesViewController.m */; };
		3311F2591836E363009F7807 /* NSString+JSMessagesView.m in Sources */ = {isa = PBXBuildFile; fileRef = 3311F2271836E363009F7807 /* NSString+JSMessagesView.m */; };
		3311F25A1836E363009F7807 /* bubble-default-incoming-green.png in Resources */ = {isa = PBXBuildFile; fileRef = 3311F22A1836E363009F7807 /* bubble-default-incoming-green.png */; };
		3311F25B1836E363009F7807 /* bubble-default-incoming-green@2x.png in Resources */ = {isa = PBXBuildFile; fileRef = 3311F22B1836E363009F7807 /* bubble-default-incoming-green@2x.png */; };
		3311F25C1836E363009F7807 /* bubble-default-incoming-selected.png in Resources */ = {isa = PBXBuildFile; fileRef = 3311F22C1836E363009F7807 /* bubble-default-incoming-selected.png */; };
		3311F25D1836E363009F7807 /* bubble-default-incoming-selected@2x.png in Resources */ = {isa = PBXBuildFile; fileRef = 3311F22D1836E363009F7807 /* bubble-default-incoming-selected@2x.png */; };
		3311F25E1836E363009F7807 /* bubble-default-incoming.png in Resources */ = {isa = PBXBuildFile; fileRef = 3311F22E1836E363009F7807 /* bubble-default-incoming.png */; };
		3311F25F1836E363009F7807 /* bubble-default-incoming@2x.png in Resources */ = {isa = PBXBuildFile; fileRef = 3311F22F1836E363009F7807 /* bubble-default-incoming@2x.png */; };
		3311F2601836E363009F7807 /* bubble-default-outgoing-green.png in Resources */ = {isa = PBXBuildFile; fileRef = 3311F2301836E363009F7807 /* bubble-default-outgoing-green.png */; };
		3311F2611836E363009F7807 /* bubble-default-outgoing-green@2x.png in Resources */ = {isa = PBXBuildFile; fileRef = 3311F2311836E363009F7807 /* bubble-default-outgoing-green@2x.png */; };
		3311F2621836E363009F7807 /* bubble-default-outgoing-selected.png in Resources */ = {isa = PBXBuildFile; fileRef = 3311F2321836E363009F7807 /* bubble-default-outgoing-selected.png */; };
		3311F2631836E363009F7807 /* bubble-default-outgoing-selected@2x.png in Resources */ = {isa = PBXBuildFile; fileRef = 3311F2331836E363009F7807 /* bubble-default-outgoing-selected@2x.png */; };
		3311F2641836E363009F7807 /* bubble-default-outgoing.png in Resources */ = {isa = PBXBuildFile; fileRef = 3311F2341836E363009F7807 /* bubble-default-outgoing.png */; };
		3311F2651836E363009F7807 /* bubble-default-outgoing@2x.png in Resources */ = {isa = PBXBuildFile; fileRef = 3311F2351836E363009F7807 /* bubble-default-outgoing@2x.png */; };
		3311F2661836E363009F7807 /* bubble-square-incoming-selected.png in Resources */ = {isa = PBXBuildFile; fileRef = 3311F2361836E363009F7807 /* bubble-square-incoming-selected.png */; };
		3311F2671836E363009F7807 /* bubble-square-incoming-selected@2x.png in Resources */ = {isa = PBXBuildFile; fileRef = 3311F2371836E363009F7807 /* bubble-square-incoming-selected@2x.png */; };
		3311F2681836E363009F7807 /* bubble-square-incoming.png in Resources */ = {isa = PBXBuildFile; fileRef = 3311F2381836E363009F7807 /* bubble-square-incoming.png */; };
		3311F2691836E363009F7807 /* bubble-square-incoming@2x.png in Resources */ = {isa = PBXBuildFile; fileRef = 3311F2391836E363009F7807 /* bubble-square-incoming@2x.png */; };
		3311F26A1836E363009F7807 /* bubble-square-outgoing-selected.png in Resources */ = {isa = PBXBuildFile; fileRef = 3311F23A1836E363009F7807 /* bubble-square-outgoing-selected.png */; };
		3311F26B1836E363009F7807 /* bubble-square-outgoing-selected@2x.png in Resources */ = {isa = PBXBuildFile; fileRef = 3311F23B1836E363009F7807 /* bubble-square-outgoing-selected@2x.png */; };
		3311F26C1836E363009F7807 /* bubble-square-outgoing.png in Resources */ = {isa = PBXBuildFile; fileRef = 3311F23C1836E363009F7807 /* bubble-square-outgoing.png */; };
		3311F26D1836E363009F7807 /* bubble-square-outgoing@2x.png in Resources */ = {isa = PBXBuildFile; fileRef = 3311F23D1836E363009F7807 /* bubble-square-outgoing@2x.png */; };
		3311F26E1836E363009F7807 /* bubble-typing.png in Resources */ = {isa = PBXBuildFile; fileRef = 3311F23E1836E363009F7807 /* bubble-typing.png */; };
		3311F26F1836E363009F7807 /* bubble-typing@2x.png in Resources */ = {isa = PBXBuildFile; fileRef = 3311F23F1836E363009F7807 /* bubble-typing@2x.png */; };
		3311F2701836E363009F7807 /* input-bar.png in Resources */ = {isa = PBXBuildFile; fileRef = 3311F2401836E363009F7807 /* input-bar.png */; };
		3311F2711836E363009F7807 /* input-bar@2x.png in Resources */ = {isa = PBXBuildFile; fileRef = 3311F2411836E363009F7807 /* input-bar@2x.png */; };
		3311F2721836E363009F7807 /* input-field.png in Resources */ = {isa = PBXBuildFile; fileRef = 3311F2421836E363009F7807 /* input-field.png */; };
		3311F2731836E363009F7807 /* input-field@2x.png in Resources */ = {isa = PBXBuildFile; fileRef = 3311F2431836E363009F7807 /* input-field@2x.png */; };
		3311F2741836E363009F7807 /* send-highlighted.png in Resources */ = {isa = PBXBuildFile; fileRef = 3311F2441836E363009F7807 /* send-highlighted.png */; };
		3311F2751836E363009F7807 /* send-highlighted@2x.png in Resources */ = {isa = PBXBuildFile; fileRef = 3311F2451836E363009F7807 /* send-highlighted@2x.png */; };
		3311F2761836E363009F7807 /* send.png in Resources */ = {isa = PBXBuildFile; fileRef = 3311F2461836E363009F7807 /* send.png */; };
		3311F2771836E363009F7807 /* send@2x.png in Resources */ = {isa = PBXBuildFile; fileRef = 3311F2471836E363009F7807 /* send@2x.png */; };
		3311F2781836E363009F7807 /* messageReceived.aiff in Resources */ = {isa = PBXBuildFile; fileRef = 3311F2491836E363009F7807 /* messageReceived.aiff */; };
		3311F2791836E363009F7807 /* messageSent.aiff in Resources */ = {isa = PBXBuildFile; fileRef = 3311F24A1836E363009F7807 /* messageSent.aiff */; };
		3311F27A1836E363009F7807 /* UIButton+JSMessagesView.m in Sources */ = {isa = PBXBuildFile; fileRef = 3311F24C1836E363009F7807 /* UIButton+JSMessagesView.m */; };
		3311F27B1836E363009F7807 /* UIColor+JSMessagesView.m in Sources */ = {isa = PBXBuildFile; fileRef = 3311F24E1836E363009F7807 /* UIColor+JSMessagesView.m */; };
		3311F27C1836E363009F7807 /* UIImage+JSMessagesView.m in Sources */ = {isa = PBXBuildFile; fileRef = 3311F2501836E363009F7807 /* UIImage+JSMessagesView.m */; };
		3311F27D1836E363009F7807 /* UIView+AnimationOptionsForCurve.m in Sources */ = {isa = PBXBuildFile; fileRef = 3311F2521836E363009F7807 /* UIView+AnimationOptionsForCurve.m */; };
		336045121830378B005D8EEB /* LeagueTVC.m in Sources */ = {isa = PBXBuildFile; fileRef = 336045111830378B005D8EEB /* LeagueTVC.m */; };
		338F68A318428C99007A6BD9 /* Player-position-icon-1.png in Resources */ = {isa = PBXBuildFile; fileRef = 338F689E18428C99007A6BD9 /* Player-position-icon-1.png */; };
		338F68A418428C99007A6BD9 /* Player-position-icon-2.png in Resources */ = {isa = PBXBuildFile; fileRef = 338F689F18428C99007A6BD9 /* Player-position-icon-2.png */; };
		338F68A518428C99007A6BD9 /* Player-position-icon-3.png in Resources */ = {isa = PBXBuildFile; fileRef = 338F68A018428C99007A6BD9 /* Player-position-icon-3.png */; };
		338F68A618428C99007A6BD9 /* Player-position-icon-4.png in Resources */ = {isa = PBXBuildFile; fileRef = 338F68A118428C99007A6BD9 /* Player-position-icon-4.png */; };
		338F68A718428C99007A6BD9 /* Player-position-icon-5.png in Resources */ = {isa = PBXBuildFile; fileRef = 338F68A218428C99007A6BD9 /* Player-position-icon-5.png */; };
		33EC31EC183C3CF800A7F315 /* 11.png in Resources */ = {isa = PBXBuildFile; fileRef = 33EC31E7183C3CF800A7F315 /* 11.png */; };
		33EC31ED183C3CF800A7F315 /* 15.png in Resources */ = {isa = PBXBuildFile; fileRef = 33EC31E8183C3CF800A7F315 /* 15.png */; };
		33EC31EE183C3CF800A7F315 /* 17.png in Resources */ = {isa = PBXBuildFile; fileRef = 33EC31E9183C3CF800A7F315 /* 17.png */; };
		33EC31EF183C3CF800A7F315 /* 19.png in Resources */ = {isa = PBXBuildFile; fileRef = 33EC31EA183C3CF800A7F315 /* 19.png */; };
		33EC31F0183C3CF800A7F315 /* 21.png in Resources */ = {isa = PBXBuildFile; fileRef = 33EC31EB183C3CF800A7F315 /* 21.png */; };
		33EC31F3183C3DE400A7F315 /* LeagueCell.m in Sources */ = {isa = PBXBuildFile; fileRef = 33EC31F2183C3DE400A7F315 /* LeagueCell.m */; };
		33FBC82F1818AF770047E9F6 /* LoginViewController.m in Sources */ = {isa = PBXBuildFile; fileRef = 33FBC82E1818AF770047E9F6 /* LoginViewController.m */; };
		33FBC8321818B2300047E9F6 /* LoginView.m in Sources */ = {isa = PBXBuildFile; fileRef = 33FBC8311818B2300047E9F6 /* LoginView.m */; };
/* End PBXBuildFile section */

/* Begin PBXContainerItemProxy section */
		00B7066417FB78280011EAAE /* PBXContainerItemProxy */ = {
			isa = PBXContainerItemProxy;
			containerPortal = 00B7063317FB78270011EAAE /* Project object */;
			proxyType = 1;
			remoteGlobalIDString = 00B7063A17FB78270011EAAE;
			remoteInfo = PGC;
		};
/* End PBXContainerItemProxy section */

/* Begin PBXFileReference section */
		00080BB6181D94B800CCF4BF /* Vizoal-Icon-Green.png */ = {isa = PBXFileReference; lastKnownFileType = image.png; path = "Vizoal-Icon-Green.png"; sourceTree = "<group>"; };
		00080BB9181DD9AB00CCF4BF /* APActivityProvider.h */ = {isa = PBXFileReference; fileEncoding = 4; lastKnownFileType = sourcecode.c.h; path = APActivityProvider.h; sourceTree = "<group>"; };
		00080BBA181DD9AB00CCF4BF /* APActivityProvider.m */ = {isa = PBXFileReference; fileEncoding = 4; lastKnownFileType = sourcecode.c.objc; path = APActivityProvider.m; sourceTree = "<group>"; };
		00080BBC181DDA2500CCF4BF /* APActivityIcon.h */ = {isa = PBXFileReference; fileEncoding = 4; lastKnownFileType = sourcecode.c.h; path = APActivityIcon.h; sourceTree = "<group>"; };
		00080BBD181DDA2500CCF4BF /* APActivityIcon.m */ = {isa = PBXFileReference; fileEncoding = 4; lastKnownFileType = sourcecode.c.objc; path = APActivityIcon.m; sourceTree = "<group>"; };
		0010EAC51828BC2D006822D7 /* FacebookSDK.framework */ = {isa = PBXFileReference; lastKnownFileType = wrapper.framework; name = FacebookSDK.framework; path = ../Documents/FacebookSDK/FacebookSDK.framework; sourceTree = "<group>"; };
		007C9CDC18176B8200DA235C /* club placeholder.png */ = {isa = PBXFileReference; lastKnownFileType = image.png; path = "club placeholder.png"; sourceTree = "<group>"; };
		007C9CDD18176B8200DA235C /* player-placeholder2.png */ = {isa = PBXFileReference; lastKnownFileType = image.png; path = "player-placeholder2.png"; sourceTree = "<group>"; };
		007C9CDE18176B8200DA235C /* country-placeholder.png */ = {isa = PBXFileReference; lastKnownFileType = image.png; path = "country-placeholder.png"; sourceTree = "<group>"; };
		009541271803BAED00E02794 /* PlayerProfileDetailVC_tab1.h */ = {isa = PBXFileReference; fileEncoding = 4; lastKnownFileType = sourcecode.c.h; path = PlayerProfileDetailVC_tab1.h; sourceTree = "<group>"; };
		009541281803BAED00E02794 /* PlayerProfileDetailVC_tab1.m */ = {isa = PBXFileReference; fileEncoding = 4; lastKnownFileType = sourcecode.c.objc; path = PlayerProfileDetailVC_tab1.m; sourceTree = "<group>"; };
		0095412A1803BDB300E02794 /* playerProfileDetailTBC.h */ = {isa = PBXFileReference; fileEncoding = 4; lastKnownFileType = sourcecode.c.h; path = playerProfileDetailTBC.h; sourceTree = "<group>"; };
		0095412B1803BDB300E02794 /* playerProfileDetailTBC.m */ = {isa = PBXFileReference; fileEncoding = 4; lastKnownFileType = sourcecode.c.objc; path = playerProfileDetailTBC.m; sourceTree = "<group>"; };
		0095414D1804CF0C00E02794 /* TopPlayersTVC.h */ = {isa = PBXFileReference; fileEncoding = 4; lastKnownFileType = sourcecode.c.h; path = TopPlayersTVC.h; sourceTree = "<group>"; };
		0095414E1804CF0C00E02794 /* TopPlayersTVC.m */ = {isa = PBXFileReference; fileEncoding = 4; lastKnownFileType = sourcecode.c.objc; path = TopPlayersTVC.m; sourceTree = "<group>"; };
		0095415A1804E35C00E02794 /* Model.xcdatamodel */ = {isa = PBXFileReference; lastKnownFileType = wrapper.xcdatamodel; path = Model.xcdatamodel; sourceTree = "<group>"; };
		0095415C1804E39F00E02794 /* PlayerPhoto.h */ = {isa = PBXFileReference; fileEncoding = 4; lastKnownFileType = sourcecode.c.h; path = PlayerPhoto.h; sourceTree = "<group>"; };
		0095415D1804E39F00E02794 /* PlayerPhoto.m */ = {isa = PBXFileReference; fileEncoding = 4; lastKnownFileType = sourcecode.c.objc; path = PlayerPhoto.m; sourceTree = "<group>"; };
		0095415F1804EDF500E02794 /* PlayerPhoto+Internet.h */ = {isa = PBXFileReference; fileEncoding = 4; lastKnownFileType = sourcecode.c.h; path = "PlayerPhoto+Internet.h"; sourceTree = "<group>"; };
		009541601804EDF500E02794 /* PlayerPhoto+Internet.m */ = {isa = PBXFileReference; fileEncoding = 4; lastKnownFileType = sourcecode.c.objc; path = "PlayerPhoto+Internet.m"; sourceTree = "<group>"; };
		009F18A4180242CB00BC385F /* 16.png */ = {isa = PBXFileReference; lastKnownFileType = image.png; name = 16.png; path = PGCTests/16.png; sourceTree = SOURCE_ROOT; };
		00A952A7180B7920004547C4 /* HomePageVC.h */ = {isa = PBXFileReference; fileEncoding = 4; lastKnownFileType = sourcecode.c.h; name = HomePageVC.h; path = Libraries/HomePageVC.h; sourceTree = "<group>"; };
		00A952A8180B7920004547C4 /* HomePageVC.m */ = {isa = PBXFileReference; fileEncoding = 4; lastKnownFileType = sourcecode.c.objc; name = HomePageVC.m; path = Libraries/HomePageVC.m; sourceTree = "<group>"; };
		00A952A9180B7920004547C4 /* ICETutorialPage.h */ = {isa = PBXFileReference; fileEncoding = 4; lastKnownFileType = sourcecode.c.h; path = ICETutorialPage.h; sourceTree = "<group>"; };
		00A952AA180B7920004547C4 /* ICETutorialPage.m */ = {isa = PBXFileReference; fileEncoding = 4; lastKnownFileType = sourcecode.c.objc; path = ICETutorialPage.m; sourceTree = "<group>"; };
		00A952B0180B7952004547C4 /* background-gradient.png */ = {isa = PBXFileReference; lastKnownFileType = image.png; path = "background-gradient.png"; sourceTree = "<group>"; };
		00A952B1180B7952004547C4 /* background-gradient@2x.png */ = {isa = PBXFileReference; lastKnownFileType = image.png; path = "background-gradient@2x.png"; sourceTree = "<group>"; };
		00A952B2180B7952004547C4 /* button-background.png */ = {isa = PBXFileReference; lastKnownFileType = image.png; path = "button-background.png"; sourceTree = "<group>"; };
		00A952B3180B7952004547C4 /* button-background@2x.png */ = {isa = PBXFileReference; lastKnownFileType = image.png; path = "button-background@2x.png"; sourceTree = "<group>"; };
		00A952B4180B7952004547C4 /* Default-568h@2x.png */ = {isa = PBXFileReference; lastKnownFileType = image.png; path = "Default-568h@2x.png"; sourceTree = "<group>"; };
		00A952B5180B7952004547C4 /* Default.png */ = {isa = PBXFileReference; lastKnownFileType = image.png; path = Default.png; sourceTree = "<group>"; };
		00A952B6180B7952004547C4 /* Default@2x.png */ = {isa = PBXFileReference; lastKnownFileType = image.png; path = "Default@2x.png"; sourceTree = "<group>"; };
		00B7063B17FB78270011EAAE /* Vizoal.app */ = {isa = PBXFileReference; explicitFileType = wrapper.application; includeInIndex = 0; path = Vizoal.app; sourceTree = BUILT_PRODUCTS_DIR; };
		00B7063E17FB78270011EAAE /* Foundation.framework */ = {isa = PBXFileReference; lastKnownFileType = wrapper.framework; name = Foundation.framework; path = System/Library/Frameworks/Foundation.framework; sourceTree = SDKROOT; };
		00B7064017FB78280011EAAE /* CoreGraphics.framework */ = {isa = PBXFileReference; lastKnownFileType = wrapper.framework; name = CoreGraphics.framework; path = System/Library/Frameworks/CoreGraphics.framework; sourceTree = SDKROOT; };
		00B7064217FB78280011EAAE /* UIKit.framework */ = {isa = PBXFileReference; lastKnownFileType = wrapper.framework; name = UIKit.framework; path = System/Library/Frameworks/UIKit.framework; sourceTree = SDKROOT; };
		00B7064617FB78280011EAAE /* Vizoal-Info.plist */ = {isa = PBXFileReference; lastKnownFileType = text.plist.xml; path = "Vizoal-Info.plist"; sourceTree = "<group>"; };
		00B7064817FB78280011EAAE /* en */ = {isa = PBXFileReference; lastKnownFileType = text.plist.strings; name = en; path = en.lproj/InfoPlist.strings; sourceTree = "<group>"; };
		00B7064A17FB78280011EAAE /* main.m */ = {isa = PBXFileReference; lastKnownFileType = sourcecode.c.objc; path = main.m; sourceTree = "<group>"; };
		00B7064C17FB78280011EAAE /* Vizoal-Prefix.pch */ = {isa = PBXFileReference; lastKnownFileType = sourcecode.c.h; path = "Vizoal-Prefix.pch"; sourceTree = "<group>"; };
		00B7064D17FB78280011EAAE /* PGCAppDelegate.h */ = {isa = PBXFileReference; lastKnownFileType = sourcecode.c.h; path = PGCAppDelegate.h; sourceTree = "<group>"; };
		00B7064E17FB78280011EAAE /* PGCAppDelegate.m */ = {isa = PBXFileReference; lastKnownFileType = sourcecode.c.objc; path = PGCAppDelegate.m; sourceTree = "<group>"; };
		00B7065117FB78280011EAAE /* Base */ = {isa = PBXFileReference; lastKnownFileType = file.storyboard; name = Base; path = Base.lproj/Main_iPhone.storyboard; sourceTree = "<group>"; };
		00B7065917FB78280011EAAE /* Images.xcassets */ = {isa = PBXFileReference; lastKnownFileType = folder.assetcatalog; path = Images.xcassets; sourceTree = "<group>"; };
		00B7065F17FB78280011EAAE /* VizoalTests.xctest */ = {isa = PBXFileReference; explicitFileType = wrapper.cfbundle; includeInIndex = 0; path = VizoalTests.xctest; sourceTree = BUILT_PRODUCTS_DIR; };
		00B7066017FB78280011EAAE /* XCTest.framework */ = {isa = PBXFileReference; lastKnownFileType = wrapper.framework; name = XCTest.framework; path = Library/Frameworks/XCTest.framework; sourceTree = DEVELOPER_DIR; };
		00B7066817FB78280011EAAE /* VizoalTests-Info.plist */ = {isa = PBXFileReference; lastKnownFileType = text.plist.xml; path = "VizoalTests-Info.plist"; sourceTree = "<group>"; };
		00B7066A17FB78280011EAAE /* en */ = {isa = PBXFileReference; lastKnownFileType = text.plist.strings; name = en; path = en.lproj/InfoPlist.strings; sourceTree = "<group>"; };
		00B7066C17FB78280011EAAE /* PGCTests.m */ = {isa = PBXFileReference; lastKnownFileType = sourcecode.c.objc; path = PGCTests.m; sourceTree = "<group>"; };
		00B7067617FB7D500011EAAE /* content_iPhone.plist */ = {isa = PBXFileReference; fileEncoding = 4; lastKnownFileType = text.plist.xml; name = content_iPhone.plist; path = ../content_iPhone.plist; sourceTree = "<group>"; };
		00B7068317FB94690011EAAE /* ClubTVC.h */ = {isa = PBXFileReference; fileEncoding = 4; lastKnownFileType = sourcecode.c.h; path = ClubTVC.h; sourceTree = "<group>"; };
		00B7068417FB94690011EAAE /* ClubTVC.m */ = {isa = PBXFileReference; fileEncoding = 4; lastKnownFileType = sourcecode.c.objc; path = ClubTVC.m; sourceTree = "<group>"; };
		00B7068517FB94690011EAAE /* ClubCell.h */ = {isa = PBXFileReference; fileEncoding = 4; lastKnownFileType = sourcecode.c.h; path = ClubCell.h; sourceTree = "<group>"; };
		00B7068617FB94690011EAAE /* ClubCell.m */ = {isa = PBXFileReference; fileEncoding = 4; lastKnownFileType = sourcecode.c.objc; path = ClubCell.m; sourceTree = "<group>"; };
		00B7068717FB94690011EAAE /* PlayerCell.h */ = {isa = PBXFileReference; fileEncoding = 4; lastKnownFileType = sourcecode.c.h; path = PlayerCell.h; sourceTree = "<group>"; };
		00B7068817FB94690011EAAE /* PlayerCell.m */ = {isa = PBXFileReference; fileEncoding = 4; lastKnownFileType = sourcecode.c.objc; path = PlayerCell.m; sourceTree = "<group>"; };
		00B7068917FB94690011EAAE /* ClubPlayersTVC.h */ = {isa = PBXFileReference; fileEncoding = 4; lastKnownFileType = sourcecode.c.h; path = ClubPlayersTVC.h; sourceTree = "<group>"; };
		00B7068A17FB94690011EAAE /* ClubPlayersTVC.m */ = {isa = PBXFileReference; fileEncoding = 4; lastKnownFileType = sourcecode.c.objc; path = ClubPlayersTVC.m; sourceTree = "<group>"; };
		00B7069117FBBFDB0011EAAE /* PlayerProfileVC.h */ = {isa = PBXFileReference; fileEncoding = 4; lastKnownFileType = sourcecode.c.h; path = PlayerProfileVC.h; sourceTree = "<group>"; };
		00B7069217FBBFDB0011EAAE /* PlayerProfileVC.m */ = {isa = PBXFileReference; fileEncoding = 4; lastKnownFileType = sourcecode.c.objc; path = PlayerProfileVC.m; sourceTree = "<group>"; };
		00B7069617FBCA760011EAAE /* Vizicon2.png */ = {isa = PBXFileReference; lastKnownFileType = image.png; path = Vizicon2.png; sourceTree = "<group>"; };
		00B7069717FBCA760011EAAE /* Vizoal-Icon-Green.png */ = {isa = PBXFileReference; lastKnownFileType = image.png; path = "Vizoal-Icon-Green.png"; sourceTree = "<group>"; };
		00EFC7E41842B5A1006E75A3 /* soccerfield-Large.png */ = {isa = PBXFileReference; lastKnownFileType = image.png; path = "soccerfield-Large.png"; sourceTree = "<group>"; };
		3302CEC6180DD75F0021F533 /* PlayerHdPhoto.h */ = {isa = PBXFileReference; fileEncoding = 4; lastKnownFileType = sourcecode.c.h; path = PlayerHdPhoto.h; sourceTree = "<group>"; };
		3302CEC7180DD75F0021F533 /* PlayerHdPhoto.m */ = {isa = PBXFileReference; fileEncoding = 4; lastKnownFileType = sourcecode.c.objc; path = PlayerHdPhoto.m; sourceTree = "<group>"; };
		3302CEC9180DD77A0021F533 /* PlayerHdPhoto+Internet.h */ = {isa = PBXFileReference; fileEncoding = 4; lastKnownFileType = sourcecode.c.h; path = "PlayerHdPhoto+Internet.h"; sourceTree = "<group>"; };
		3302CECA180DD77A0021F533 /* PlayerHdPhoto+Internet.m */ = {isa = PBXFileReference; fileEncoding = 4; lastKnownFileType = sourcecode.c.objc; path = "PlayerHdPhoto+Internet.m"; sourceTree = "<group>"; };
		3302CED5180E16A40021F533 /* PlayerProfileDetailVC_tab2.h */ = {isa = PBXFileReference; fileEncoding = 4; lastKnownFileType = sourcecode.c.h; path = PlayerProfileDetailVC_tab2.h; sourceTree = "<group>"; };
		3302CED6180E16A40021F533 /* PlayerProfileDetailVC_tab2.m */ = {isa = PBXFileReference; fileEncoding = 4; lastKnownFileType = sourcecode.c.objc; path = PlayerProfileDetailVC_tab2.m; sourceTree = "<group>"; };
		3302CED8180E16B20021F533 /* PlayerProfileDetailVC_tab3.h */ = {isa = PBXFileReference; fileEncoding = 4; lastKnownFileType = sourcecode.c.h; path = PlayerProfileDetailVC_tab3.h; sourceTree = "<group>"; };
		3302CED9180E16B20021F533 /* PlayerProfileDetailVC_tab3.m */ = {isa = PBXFileReference; fileEncoding = 4; lastKnownFileType = sourcecode.c.objc; path = PlayerProfileDetailVC_tab3.m; sourceTree = "<group>"; };
		3302CEDB180E16BF0021F533 /* PlayerProfileDetailVC_tab4.h */ = {isa = PBXFileReference; fileEncoding = 4; lastKnownFileType = sourcecode.c.h; path = PlayerProfileDetailVC_tab4.h; sourceTree = "<group>"; };
		3302CEDC180E16BF0021F533 /* PlayerProfileDetailVC_tab4.m */ = {isa = PBXFileReference; fileEncoding = 4; lastKnownFileType = sourcecode.c.objc; path = PlayerProfileDetailVC_tab4.m; sourceTree = "<group>"; };
		3311F21A1836E363009F7807 /* JSBubbleMessageCell.h */ = {isa = PBXFileReference; fileEncoding = 4; lastKnownFileType = sourcecode.c.h; path = JSBubbleMessageCell.h; sourceTree = "<group>"; };
		3311F21B1836E363009F7807 /* JSBubbleMessageCell.m */ = {isa = PBXFileReference; fileEncoding = 4; lastKnownFileType = sourcecode.c.objc; path = JSBubbleMessageCell.m; sourceTree = "<group>"; };
		3311F21C1836E363009F7807 /* JSBubbleView.h */ = {isa = PBXFileReference; fileEncoding = 4; lastKnownFileType = sourcecode.c.h; path = JSBubbleView.h; sourceTree = "<group>"; };
		3311F21D1836E363009F7807 /* JSBubbleView.m */ = {isa = PBXFileReference; fileEncoding = 4; lastKnownFileType = sourcecode.c.objc; path = JSBubbleView.m; sourceTree = "<group>"; };
		3311F21E1836E363009F7807 /* JSDismissiveTextView.h */ = {isa = PBXFileReference; fileEncoding = 4; lastKnownFileType = sourcecode.c.h; path = JSDismissiveTextView.h; sourceTree = "<group>"; };
		3311F21F1836E363009F7807 /* JSDismissiveTextView.m */ = {isa = PBXFileReference; fileEncoding = 4; lastKnownFileType = sourcecode.c.objc; path = JSDismissiveTextView.m; sourceTree = "<group>"; };
		3311F2201836E363009F7807 /* JSMessageInputView.h */ = {isa = PBXFileReference; fileEncoding = 4; lastKnownFileType = sourcecode.c.h; path = JSMessageInputView.h; sourceTree = "<group>"; };
		3311F2211836E363009F7807 /* JSMessageInputView.m */ = {isa = PBXFileReference; fileEncoding = 4; lastKnownFileType = sourcecode.c.objc; path = JSMessageInputView.m; sourceTree = "<group>"; };
		3311F2221836E363009F7807 /* JSMessageSoundEffect.h */ = {isa = PBXFileReference; fileEncoding = 4; lastKnownFileType = sourcecode.c.h; path = JSMessageSoundEffect.h; sourceTree = "<group>"; };
		3311F2231836E363009F7807 /* JSMessageSoundEffect.m */ = {isa = PBXFileReference; fileEncoding = 4; lastKnownFileType = sourcecode.c.objc; path = JSMessageSoundEffect.m; sourceTree = "<group>"; };
		3311F2241836E363009F7807 /* JSMessagesViewController.h */ = {isa = PBXFileReference; fileEncoding = 4; lastKnownFileType = sourcecode.c.h; path = JSMessagesViewController.h; sourceTree = "<group>"; };
		3311F2251836E363009F7807 /* JSMessagesViewController.m */ = {isa = PBXFileReference; fileEncoding = 4; lastKnownFileType = sourcecode.c.objc; path = JSMessagesViewController.m; sourceTree = "<group>"; };
		3311F2261836E363009F7807 /* NSString+JSMessagesView.h */ = {isa = PBXFileReference; fileEncoding = 4; lastKnownFileType = sourcecode.c.h; path = "NSString+JSMessagesView.h"; sourceTree = "<group>"; };
		3311F2271836E363009F7807 /* NSString+JSMessagesView.m */ = {isa = PBXFileReference; fileEncoding = 4; lastKnownFileType = sourcecode.c.objc; path = "NSString+JSMessagesView.m"; sourceTree = "<group>"; };
		3311F22A1836E363009F7807 /* bubble-default-incoming-green.png */ = {isa = PBXFileReference; lastKnownFileType = image.png; path = "bubble-default-incoming-green.png"; sourceTree = "<group>"; };
		3311F22B1836E363009F7807 /* bubble-default-incoming-green@2x.png */ = {isa = PBXFileReference; lastKnownFileType = image.png; path = "bubble-default-incoming-green@2x.png"; sourceTree = "<group>"; };
		3311F22C1836E363009F7807 /* bubble-default-incoming-selected.png */ = {isa = PBXFileReference; lastKnownFileType = image.png; path = "bubble-default-incoming-selected.png"; sourceTree = "<group>"; };
		3311F22D1836E363009F7807 /* bubble-default-incoming-selected@2x.png */ = {isa = PBXFileReference; lastKnownFileType = image.png; path = "bubble-default-incoming-selected@2x.png"; sourceTree = "<group>"; };
		3311F22E1836E363009F7807 /* bubble-default-incoming.png */ = {isa = PBXFileReference; lastKnownFileType = image.png; path = "bubble-default-incoming.png"; sourceTree = "<group>"; };
		3311F22F1836E363009F7807 /* bubble-default-incoming@2x.png */ = {isa = PBXFileReference; lastKnownFileType = image.png; path = "bubble-default-incoming@2x.png"; sourceTree = "<group>"; };
		3311F2301836E363009F7807 /* bubble-default-outgoing-green.png */ = {isa = PBXFileReference; lastKnownFileType = image.png; path = "bubble-default-outgoing-green.png"; sourceTree = "<group>"; };
		3311F2311836E363009F7807 /* bubble-default-outgoing-green@2x.png */ = {isa = PBXFileReference; lastKnownFileType = image.png; path = "bubble-default-outgoing-green@2x.png"; sourceTree = "<group>"; };
		3311F2321836E363009F7807 /* bubble-default-outgoing-selected.png */ = {isa = PBXFileReference; lastKnownFileType = image.png; path = "bubble-default-outgoing-selected.png"; sourceTree = "<group>"; };
		3311F2331836E363009F7807 /* bubble-default-outgoing-selected@2x.png */ = {isa = PBXFileReference; lastKnownFileType = image.png; path = "bubble-default-outgoing-selected@2x.png"; sourceTree = "<group>"; };
		3311F2341836E363009F7807 /* bubble-default-outgoing.png */ = {isa = PBXFileReference; lastKnownFileType = image.png; path = "bubble-default-outgoing.png"; sourceTree = "<group>"; };
		3311F2351836E363009F7807 /* bubble-default-outgoing@2x.png */ = {isa = PBXFileReference; lastKnownFileType = image.png; path = "bubble-default-outgoing@2x.png"; sourceTree = "<group>"; };
		3311F2361836E363009F7807 /* bubble-square-incoming-selected.png */ = {isa = PBXFileReference; lastKnownFileType = image.png; path = "bubble-square-incoming-selected.png"; sourceTree = "<group>"; };
		3311F2371836E363009F7807 /* bubble-square-incoming-selected@2x.png */ = {isa = PBXFileReference; lastKnownFileType = image.png; path = "bubble-square-incoming-selected@2x.png"; sourceTree = "<group>"; };
		3311F2381836E363009F7807 /* bubble-square-incoming.png */ = {isa = PBXFileReference; lastKnownFileType = image.png; path = "bubble-square-incoming.png"; sourceTree = "<group>"; };
		3311F2391836E363009F7807 /* bubble-square-incoming@2x.png */ = {isa = PBXFileReference; lastKnownFileType = image.png; path = "bubble-square-incoming@2x.png"; sourceTree = "<group>"; };
		3311F23A1836E363009F7807 /* bubble-square-outgoing-selected.png */ = {isa = PBXFileReference; lastKnownFileType = image.png; path = "bubble-square-outgoing-selected.png"; sourceTree = "<group>"; };
		3311F23B1836E363009F7807 /* bubble-square-outgoing-selected@2x.png */ = {isa = PBXFileReference; lastKnownFileType = image.png; path = "bubble-square-outgoing-selected@2x.png"; sourceTree = "<group>"; };
		3311F23C1836E363009F7807 /* bubble-square-outgoing.png */ = {isa = PBXFileReference; lastKnownFileType = image.png; path = "bubble-square-outgoing.png"; sourceTree = "<group>"; };
		3311F23D1836E363009F7807 /* bubble-square-outgoing@2x.png */ = {isa = PBXFileReference; lastKnownFileType = image.png; path = "bubble-square-outgoing@2x.png"; sourceTree = "<group>"; };
		3311F23E1836E363009F7807 /* bubble-typing.png */ = {isa = PBXFileReference; lastKnownFileType = image.png; path = "bubble-typing.png"; sourceTree = "<group>"; };
		3311F23F1836E363009F7807 /* bubble-typing@2x.png */ = {isa = PBXFileReference; lastKnownFileType = image.png; path = "bubble-typing@2x.png"; sourceTree = "<group>"; };
		3311F2401836E363009F7807 /* input-bar.png */ = {isa = PBXFileReference; lastKnownFileType = image.png; path = "input-bar.png"; sourceTree = "<group>"; };
		3311F2411836E363009F7807 /* input-bar@2x.png */ = {isa = PBXFileReference; lastKnownFileType = image.png; path = "input-bar@2x.png"; sourceTree = "<group>"; };
		3311F2421836E363009F7807 /* input-field.png */ = {isa = PBXFileReference; lastKnownFileType = image.png; path = "input-field.png"; sourceTree = "<group>"; };
		3311F2431836E363009F7807 /* input-field@2x.png */ = {isa = PBXFileReference; lastKnownFileType = image.png; path = "input-field@2x.png"; sourceTree = "<group>"; };
		3311F2441836E363009F7807 /* send-highlighted.png */ = {isa = PBXFileReference; lastKnownFileType = image.png; path = "send-highlighted.png"; sourceTree = "<group>"; };
		3311F2451836E363009F7807 /* send-highlighted@2x.png */ = {isa = PBXFileReference; lastKnownFileType = image.png; path = "send-highlighted@2x.png"; sourceTree = "<group>"; };
		3311F2461836E363009F7807 /* send.png */ = {isa = PBXFileReference; lastKnownFileType = image.png; path = send.png; sourceTree = "<group>"; };
		3311F2471836E363009F7807 /* send@2x.png */ = {isa = PBXFileReference; lastKnownFileType = image.png; path = "send@2x.png"; sourceTree = "<group>"; };
		3311F2491836E363009F7807 /* messageReceived.aiff */ = {isa = PBXFileReference; lastKnownFileType = audio.aiff; path = messageReceived.aiff; sourceTree = "<group>"; };
		3311F24A1836E363009F7807 /* messageSent.aiff */ = {isa = PBXFileReference; lastKnownFileType = audio.aiff; path = messageSent.aiff; sourceTree = "<group>"; };
		3311F24B1836E363009F7807 /* UIButton+JSMessagesView.h */ = {isa = PBXFileReference; fileEncoding = 4; lastKnownFileType = sourcecode.c.h; path = "UIButton+JSMessagesView.h"; sourceTree = "<group>"; };
		3311F24C1836E363009F7807 /* UIButton+JSMessagesView.m */ = {isa = PBXFileReference; fileEncoding = 4; lastKnownFileType = sourcecode.c.objc; path = "UIButton+JSMessagesView.m"; sourceTree = "<group>"; };
		3311F24D1836E363009F7807 /* UIColor+JSMessagesView.h */ = {isa = PBXFileReference; fileEncoding = 4; lastKnownFileType = sourcecode.c.h; path = "UIColor+JSMessagesView.h"; sourceTree = "<group>"; };
		3311F24E1836E363009F7807 /* UIColor+JSMessagesView.m */ = {isa = PBXFileReference; fileEncoding = 4; lastKnownFileType = sourcecode.c.objc; path = "UIColor+JSMessagesView.m"; sourceTree = "<group>"; };
		3311F24F1836E363009F7807 /* UIImage+JSMessagesView.h */ = {isa = PBXFileReference; fileEncoding = 4; lastKnownFileType = sourcecode.c.h; path = "UIImage+JSMessagesView.h"; sourceTree = "<group>"; };
		3311F2501836E363009F7807 /* UIImage+JSMessagesView.m */ = {isa = PBXFileReference; fileEncoding = 4; lastKnownFileType = sourcecode.c.objc; path = "UIImage+JSMessagesView.m"; sourceTree = "<group>"; };
		3311F2511836E363009F7807 /* UIView+AnimationOptionsForCurve.h */ = {isa = PBXFileReference; fileEncoding = 4; lastKnownFileType = sourcecode.c.h; path = "UIView+AnimationOptionsForCurve.h"; sourceTree = "<group>"; };
		3311F2521836E363009F7807 /* UIView+AnimationOptionsForCurve.m */ = {isa = PBXFileReference; fileEncoding = 4; lastKnownFileType = sourcecode.c.objc; path = "UIView+AnimationOptionsForCurve.m"; sourceTree = "<group>"; };
		3318C961183D980D0084D380 /* Vizoal.entitlements */ = {isa = PBXFileReference; lastKnownFileType = text.xml; path = Vizoal.entitlements; sourceTree = "<group>"; };
		336045101830378B005D8EEB /* LeagueTVC.h */ = {isa = PBXFileReference; fileEncoding = 4; lastKnownFileType = sourcecode.c.h; path = LeagueTVC.h; sourceTree = "<group>"; };
		336045111830378B005D8EEB /* LeagueTVC.m */ = {isa = PBXFileReference; fileEncoding = 4; lastKnownFileType = sourcecode.c.objc; path = LeagueTVC.m; sourceTree = "<group>"; };
		338F689E18428C99007A6BD9 /* Player-position-icon-1.png */ = {isa = PBXFileReference; lastKnownFileType = image.png; path = "Player-position-icon-1.png"; sourceTree = "<group>"; };
		338F689F18428C99007A6BD9 /* Player-position-icon-2.png */ = {isa = PBXFileReference; lastKnownFileType = image.png; path = "Player-position-icon-2.png"; sourceTree = "<group>"; };
		338F68A018428C99007A6BD9 /* Player-position-icon-3.png */ = {isa = PBXFileReference; lastKnownFileType = image.png; path = "Player-position-icon-3.png"; sourceTree = "<group>"; };
		338F68A118428C99007A6BD9 /* Player-position-icon-4.png */ = {isa = PBXFileReference; lastKnownFileType = image.png; path = "Player-position-icon-4.png"; sourceTree = "<group>"; };
		338F68A218428C99007A6BD9 /* Player-position-icon-5.png */ = {isa = PBXFileReference; lastKnownFileType = image.png; path = "Player-position-icon-5.png"; sourceTree = "<group>"; };
		33EC31E7183C3CF800A7F315 /* 11.png */ = {isa = PBXFileReference; lastKnownFileType = image.png; path = 11.png; sourceTree = "<group>"; };
		33EC31E8183C3CF800A7F315 /* 15.png */ = {isa = PBXFileReference; lastKnownFileType = image.png; path = 15.png; sourceTree = "<group>"; };
		33EC31E9183C3CF800A7F315 /* 17.png */ = {isa = PBXFileReference; lastKnownFileType = image.png; path = 17.png; sourceTree = "<group>"; };
		33EC31EA183C3CF800A7F315 /* 19.png */ = {isa = PBXFileReference; lastKnownFileType = image.png; path = 19.png; sourceTree = "<group>"; };
		33EC31EB183C3CF800A7F315 /* 21.png */ = {isa = PBXFileReference; lastKnownFileType = image.png; path = 21.png; sourceTree = "<group>"; };
		33EC31F1183C3DE400A7F315 /* LeagueCell.h */ = {isa = PBXFileReference; fileEncoding = 4; lastKnownFileType = sourcecode.c.h; path = LeagueCell.h; sourceTree = "<group>"; };
		33EC31F2183C3DE400A7F315 /* LeagueCell.m */ = {isa = PBXFileReference; fileEncoding = 4; lastKnownFileType = sourcecode.c.objc; path = LeagueCell.m; sourceTree = "<group>"; };
		33FBC82D1818AF770047E9F6 /* LoginViewController.h */ = {isa = PBXFileReference; fileEncoding = 4; lastKnownFileType = sourcecode.c.h; path = LoginViewController.h; sourceTree = "<group>"; };
		33FBC82E1818AF770047E9F6 /* LoginViewController.m */ = {isa = PBXFileReference; fileEncoding = 4; lastKnownFileType = sourcecode.c.objc; path = LoginViewController.m; sourceTree = "<group>"; };
		33FBC8301818B2300047E9F6 /* LoginView.h */ = {isa = PBXFileReference; fileEncoding = 4; lastKnownFileType = sourcecode.c.h; path = LoginView.h; sourceTree = "<group>"; };
		33FBC8311818B2300047E9F6 /* LoginView.m */ = {isa = PBXFileReference; fileEncoding = 4; lastKnownFileType = sourcecode.c.objc; path = LoginView.m; sourceTree = "<group>"; };
/* End PBXFileReference section */

/* Begin PBXFrameworksBuildPhase section */
		00B7063817FB78270011EAAE /* Frameworks */ = {
			isa = PBXFrameworksBuildPhase;
			buildActionMask = 2147483647;
			files = (
				0010EAC61828BC2D006822D7 /* FacebookSDK.framework in Frameworks */,
				00B7064117FB78280011EAAE /* CoreGraphics.framework in Frameworks */,
				00B7064317FB78280011EAAE /* UIKit.framework in Frameworks */,
				00B7063F17FB78270011EAAE /* Foundation.framework in Frameworks */,
			);
			runOnlyForDeploymentPostprocessing = 0;
		};
		00B7065C17FB78280011EAAE /* Frameworks */ = {
			isa = PBXFrameworksBuildPhase;
			buildActionMask = 2147483647;
			files = (
				00B7066117FB78280011EAAE /* XCTest.framework in Frameworks */,
				00B7066317FB78280011EAAE /* UIKit.framework in Frameworks */,
				00B7066217FB78280011EAAE /* Foundation.framework in Frameworks */,
			);
			runOnlyForDeploymentPostprocessing = 0;
		};
/* End PBXFrameworksBuildPhase section */

/* Begin PBXGroup section */
		009F18A61802821A00BC385F /* Model */ = {
			isa = PBXGroup;
			children = (
				009541591804E35C00E02794 /* Model.xcdatamodeld */,
				3302CEC6180DD75F0021F533 /* PlayerHdPhoto.h */,
				3302CEC9180DD77A0021F533 /* PlayerHdPhoto+Internet.h */,
				3302CECA180DD77A0021F533 /* PlayerHdPhoto+Internet.m */,
				3302CEC7180DD75F0021F533 /* PlayerHdPhoto.m */,
				0095415C1804E39F00E02794 /* PlayerPhoto.h */,
				0095415D1804E39F00E02794 /* PlayerPhoto.m */,
				0095415F1804EDF500E02794 /* PlayerPhoto+Internet.h */,
				009541601804EDF500E02794 /* PlayerPhoto+Internet.m */,
			);
			name = Model;
			sourceTree = "<group>";
		};
		00A952A6180B7920004547C4 /* Libraries */ = {
			isa = PBXGroup;
			children = (
				00A952A9180B7920004547C4 /* ICETutorialPage.h */,
				00A952AA180B7920004547C4 /* ICETutorialPage.m */,
			);
			path = Libraries;
			sourceTree = "<group>";
		};
		00A952AF180B7952004547C4 /* Resources */ = {
			isa = PBXGroup;
			children = (
				338F689E18428C99007A6BD9 /* Player-position-icon-1.png */,
				338F689F18428C99007A6BD9 /* Player-position-icon-2.png */,
				338F68A018428C99007A6BD9 /* Player-position-icon-3.png */,
				338F68A118428C99007A6BD9 /* Player-position-icon-4.png */,
				338F68A218428C99007A6BD9 /* Player-position-icon-5.png */,
				33EC31E6183C3CF800A7F315 /* league */,
				00A952B0180B7952004547C4 /* background-gradient.png */,
				00EFC7E41842B5A1006E75A3 /* soccerfield-Large.png */,
				00A952B1180B7952004547C4 /* background-gradient@2x.png */,
				00A952B2180B7952004547C4 /* button-background.png */,
				00080BB6181D94B800CCF4BF /* Vizoal-Icon-Green.png */,
				00A952B3180B7952004547C4 /* button-background@2x.png */,
				00A952B4180B7952004547C4 /* Default-568h@2x.png */,
				00A952B5180B7952004547C4 /* Default.png */,
				00A952B6180B7952004547C4 /* Default@2x.png */,
				007C9CDC18176B8200DA235C /* club placeholder.png */,
				007C9CDD18176B8200DA235C /* player-placeholder2.png */,
				007C9CDE18176B8200DA235C /* country-placeholder.png */,
			);
			path = Resources;
			sourceTree = "<group>";
		};
		00B7063217FB78270011EAAE = {
			isa = PBXGroup;
			children = (
				3318C961183D980D0084D380 /* Vizoal.entitlements */,
				00B7064417FB78280011EAAE /* PGC */,
				00B7066617FB78280011EAAE /* PGCTests */,
				00B7063D17FB78270011EAAE /* Frameworks */,
				00B7063C17FB78270011EAAE /* Products */,
			);
			sourceTree = "<group>";
		};
		00B7063C17FB78270011EAAE /* Products */ = {
			isa = PBXGroup;
			children = (
				00B7063B17FB78270011EAAE /* Vizoal.app */,
				00B7065F17FB78280011EAAE /* VizoalTests.xctest */,
			);
			name = Products;
			sourceTree = "<group>";
		};
		00B7063D17FB78270011EAAE /* Frameworks */ = {
			isa = PBXGroup;
			children = (
				0010EAC51828BC2D006822D7 /* FacebookSDK.framework */,
				00B7063E17FB78270011EAAE /* Foundation.framework */,
				00B7064017FB78280011EAAE /* CoreGraphics.framework */,
				00B7064217FB78280011EAAE /* UIKit.framework */,
				00B7066017FB78280011EAAE /* XCTest.framework */,
			);
			name = Frameworks;
			sourceTree = "<group>";
		};
		00B7064417FB78280011EAAE /* PGC */ = {
			isa = PBXGroup;
			children = (
				3311F2191836E363009F7807 /* JSMessagesTableViewController */,
				00A952AF180B7952004547C4 /* Resources */,
				00A952A6180B7920004547C4 /* Libraries */,
				00B7064D17FB78280011EAAE /* PGCAppDelegate.h */,
				00B7064E17FB78280011EAAE /* PGCAppDelegate.m */,
				00A952A7180B7920004547C4 /* HomePageVC.h */,
				00A952A8180B7920004547C4 /* HomePageVC.m */,
				00B7065017FB78280011EAAE /* Main_iPhone.storyboard */,
				336045101830378B005D8EEB /* LeagueTVC.h */,
				336045111830378B005D8EEB /* LeagueTVC.m */,
				33EC31F1183C3DE400A7F315 /* LeagueCell.h */,
				33EC31F2183C3DE400A7F315 /* LeagueCell.m */,
				33FBC8301818B2300047E9F6 /* LoginView.h */,
				33FBC8311818B2300047E9F6 /* LoginView.m */,
				33FBC82D1818AF770047E9F6 /* LoginViewController.h */,
				33FBC82E1818AF770047E9F6 /* LoginViewController.m */,
				0095414D1804CF0C00E02794 /* TopPlayersTVC.h */,
				0095414E1804CF0C00E02794 /* TopPlayersTVC.m */,
				00080BB9181DD9AB00CCF4BF /* APActivityProvider.h */,
				00080BBA181DD9AB00CCF4BF /* APActivityProvider.m */,
				00080BBC181DDA2500CCF4BF /* APActivityIcon.h */,
				00080BBD181DDA2500CCF4BF /* APActivityIcon.m */,
				00B7069117FBBFDB0011EAAE /* PlayerProfileVC.h */,
				00B7069217FBBFDB0011EAAE /* PlayerProfileVC.m */,
				0095412A1803BDB300E02794 /* playerProfileDetailTBC.h */,
				0095412B1803BDB300E02794 /* playerProfileDetailTBC.m */,
				009541271803BAED00E02794 /* PlayerProfileDetailVC_tab1.h */,
				009541281803BAED00E02794 /* PlayerProfileDetailVC_tab1.m */,
				3302CED5180E16A40021F533 /* PlayerProfileDetailVC_tab2.h */,
				3302CED6180E16A40021F533 /* PlayerProfileDetailVC_tab2.m */,
				3302CED8180E16B20021F533 /* PlayerProfileDetailVC_tab3.h */,
				3302CED9180E16B20021F533 /* PlayerProfileDetailVC_tab3.m */,
				3302CEDB180E16BF0021F533 /* PlayerProfileDetailVC_tab4.h */,
				3302CEDC180E16BF0021F533 /* PlayerProfileDetailVC_tab4.m */,
				00B7068317FB94690011EAAE /* ClubTVC.h */,
				00B7068417FB94690011EAAE /* ClubTVC.m */,
				00B7068517FB94690011EAAE /* ClubCell.h */,
				00B7068617FB94690011EAAE /* ClubCell.m */,
				00B7068717FB94690011EAAE /* PlayerCell.h */,
				00B7068817FB94690011EAAE /* PlayerCell.m */,
				00B7068917FB94690011EAAE /* ClubPlayersTVC.h */,
				00B7068A17FB94690011EAAE /* ClubPlayersTVC.m */,
				009F18A61802821A00BC385F /* Model */,
				00B7065917FB78280011EAAE /* Images.xcassets */,
				00B7064517FB78280011EAAE /* Supporting Files */,
			);
			path = PGC;
			sourceTree = "<group>";
		};
		00B7064517FB78280011EAAE /* Supporting Files */ = {
			isa = PBXGroup;
			children = (
				00B7069617FBCA760011EAAE /* Vizicon2.png */,
				009F18A4180242CB00BC385F /* 16.png */,
				00B7069717FBCA760011EAAE /* Vizoal-Icon-Green.png */,
				00B7064617FB78280011EAAE /* Vizoal-Info.plist */,
				00B7067617FB7D500011EAAE /* content_iPhone.plist */,
				00B7064717FB78280011EAAE /* InfoPlist.strings */,
				00B7064A17FB78280011EAAE /* main.m */,
				00B7064C17FB78280011EAAE /* Vizoal-Prefix.pch */,
			);
			name = "Supporting Files";
			sourceTree = "<group>";
		};
		00B7066617FB78280011EAAE /* PGCTests */ = {
			isa = PBXGroup;
			children = (
				00B7066C17FB78280011EAAE /* PGCTests.m */,
				00B7066717FB78280011EAAE /* Supporting Files */,
			);
			path = PGCTests;
			sourceTree = "<group>";
		};
		00B7066717FB78280011EAAE /* Supporting Files */ = {
			isa = PBXGroup;
			children = (
				00B7066817FB78280011EAAE /* VizoalTests-Info.plist */,
				00B7066917FB78280011EAAE /* InfoPlist.strings */,
			);
			name = "Supporting Files";
			sourceTree = "<group>";
		};
		3311F2191836E363009F7807 /* JSMessagesTableViewController */ = {
			isa = PBXGroup;
			children = (
				3311F21A1836E363009F7807 /* JSBubbleMessageCell.h */,
				3311F21B1836E363009F7807 /* JSBubbleMessageCell.m */,
				3311F21C1836E363009F7807 /* JSBubbleView.h */,
				3311F21D1836E363009F7807 /* JSBubbleView.m */,
				3311F21E1836E363009F7807 /* JSDismissiveTextView.h */,
				3311F21F1836E363009F7807 /* JSDismissiveTextView.m */,
				3311F2201836E363009F7807 /* JSMessageInputView.h */,
				3311F2211836E363009F7807 /* JSMessageInputView.m */,
				3311F2221836E363009F7807 /* JSMessageSoundEffect.h */,
				3311F2231836E363009F7807 /* JSMessageSoundEffect.m */,
				3311F2241836E363009F7807 /* JSMessagesViewController.h */,
				3311F2251836E363009F7807 /* JSMessagesViewController.m */,
				3311F2261836E363009F7807 /* NSString+JSMessagesView.h */,
				3311F2271836E363009F7807 /* NSString+JSMessagesView.m */,
				3311F2281836E363009F7807 /* Resources */,
				3311F24B1836E363009F7807 /* UIButton+JSMessagesView.h */,
				3311F24C1836E363009F7807 /* UIButton+JSMessagesView.m */,
				3311F24D1836E363009F7807 /* UIColor+JSMessagesView.h */,
				3311F24E1836E363009F7807 /* UIColor+JSMessagesView.m */,
				3311F24F1836E363009F7807 /* UIImage+JSMessagesView.h */,
				3311F2501836E363009F7807 /* UIImage+JSMessagesView.m */,
				3311F2511836E363009F7807 /* UIView+AnimationOptionsForCurve.h */,
				3311F2521836E363009F7807 /* UIView+AnimationOptionsForCurve.m */,
			);
			path = JSMessagesTableViewController;
			sourceTree = "<group>";
		};
		3311F2281836E363009F7807 /* Resources */ = {
			isa = PBXGroup;
			children = (
				3311F2291836E363009F7807 /* Images */,
				3311F2481836E363009F7807 /* Sounds */,
			);
			path = Resources;
			sourceTree = "<group>";
		};
		3311F2291836E363009F7807 /* Images */ = {
			isa = PBXGroup;
			children = (
				3311F22A1836E363009F7807 /* bubble-default-incoming-green.png */,
				3311F22B1836E363009F7807 /* bubble-default-incoming-green@2x.png */,
				3311F22C1836E363009F7807 /* bubble-default-incoming-selected.png */,
				3311F22D1836E363009F7807 /* bubble-default-incoming-selected@2x.png */,
				3311F22E1836E363009F7807 /* bubble-default-incoming.png */,
				3311F22F1836E363009F7807 /* bubble-default-incoming@2x.png */,
				3311F2301836E363009F7807 /* bubble-default-outgoing-green.png */,
				3311F2311836E363009F7807 /* bubble-default-outgoing-green@2x.png */,
				3311F2321836E363009F7807 /* bubble-default-outgoing-selected.png */,
				3311F2331836E363009F7807 /* bubble-default-outgoing-selected@2x.png */,
				3311F2341836E363009F7807 /* bubble-default-outgoing.png */,
				3311F2351836E363009F7807 /* bubble-default-outgoing@2x.png */,
				3311F2361836E363009F7807 /* bubble-square-incoming-selected.png */,
				3311F2371836E363009F7807 /* bubble-square-incoming-selected@2x.png */,
				3311F2381836E363009F7807 /* bubble-square-incoming.png */,
				3311F2391836E363009F7807 /* bubble-square-incoming@2x.png */,
				3311F23A1836E363009F7807 /* bubble-square-outgoing-selected.png */,
				3311F23B1836E363009F7807 /* bubble-square-outgoing-selected@2x.png */,
				3311F23C1836E363009F7807 /* bubble-square-outgoing.png */,
				3311F23D1836E363009F7807 /* bubble-square-outgoing@2x.png */,
				3311F23E1836E363009F7807 /* bubble-typing.png */,
				3311F23F1836E363009F7807 /* bubble-typing@2x.png */,
				3311F2401836E363009F7807 /* input-bar.png */,
				3311F2411836E363009F7807 /* input-bar@2x.png */,
				3311F2421836E363009F7807 /* input-field.png */,
				3311F2431836E363009F7807 /* input-field@2x.png */,
				3311F2441836E363009F7807 /* send-highlighted.png */,
				3311F2451836E363009F7807 /* send-highlighted@2x.png */,
				3311F2461836E363009F7807 /* send.png */,
				3311F2471836E363009F7807 /* send@2x.png */,
			);
			path = Images;
			sourceTree = "<group>";
		};
		3311F2481836E363009F7807 /* Sounds */ = {
			isa = PBXGroup;
			children = (
				3311F2491836E363009F7807 /* messageReceived.aiff */,
				3311F24A1836E363009F7807 /* messageSent.aiff */,
			);
			path = Sounds;
			sourceTree = "<group>";
		};
		33EC31E6183C3CF800A7F315 /* league */ = {
			isa = PBXGroup;
			children = (
				33EC31E7183C3CF800A7F315 /* 11.png */,
				33EC31E8183C3CF800A7F315 /* 15.png */,
				33EC31E9183C3CF800A7F315 /* 17.png */,
				33EC31EA183C3CF800A7F315 /* 19.png */,
				33EC31EB183C3CF800A7F315 /* 21.png */,
			);
			path = league;
			sourceTree = "<group>";
		};
/* End PBXGroup section */

/* Begin PBXNativeTarget section */
		00B7063A17FB78270011EAAE /* Vizoal */ = {
			isa = PBXNativeTarget;
			buildConfigurationList = 00B7067017FB78280011EAAE /* Build configuration list for PBXNativeTarget "Vizoal" */;
			buildPhases = (
				00B7063717FB78270011EAAE /* Sources */,
				00B7063817FB78270011EAAE /* Frameworks */,
				00B7063917FB78270011EAAE /* Resources */,
			);
			buildRules = (
			);
			dependencies = (
			);
			name = Vizoal;
			productName = PGC;
			productReference = 00B7063B17FB78270011EAAE /* Vizoal.app */;
			productType = "com.apple.product-type.application";
		};
		00B7065E17FB78280011EAAE /* VizoalTests */ = {
			isa = PBXNativeTarget;
			buildConfigurationList = 00B7067317FB78280011EAAE /* Build configuration list for PBXNativeTarget "VizoalTests" */;
			buildPhases = (
				00B7065B17FB78280011EAAE /* Sources */,
				00B7065C17FB78280011EAAE /* Frameworks */,
				00B7065D17FB78280011EAAE /* Resources */,
			);
			buildRules = (
			);
			dependencies = (
				00B7066517FB78280011EAAE /* PBXTargetDependency */,
			);
			name = VizoalTests;
			productName = PGCTests;
			productReference = 00B7065F17FB78280011EAAE /* VizoalTests.xctest */;
			productType = "com.apple.product-type.bundle.unit-test";
		};
/* End PBXNativeTarget section */

/* Begin PBXProject section */
		00B7063317FB78270011EAAE /* Project object */ = {
			isa = PBXProject;
			attributes = {
				CLASSPREFIX = PGC;
				LastUpgradeCheck = 0500;
				ORGANIZATIONNAME = "Shuai Xiao";
				TargetAttributes = {
					00B7063A17FB78270011EAAE = {
						DevelopmentTeam = Z93DRG9D63;
						SystemCapabilities = {
							com.apple.iCloud = {
								enabled = 0;
							};
						};
					};
					00B7065E17FB78280011EAAE = {
						TestTargetID = 00B7063A17FB78270011EAAE;
					};
				};
			};
			buildConfigurationList = 00B7063617FB78270011EAAE /* Build configuration list for PBXProject "Vizoal" */;
			compatibilityVersion = "Xcode 3.2";
			developmentRegion = English;
			hasScannedForEncodings = 0;
			knownRegions = (
				en,
				Base,
			);
			mainGroup = 00B7063217FB78270011EAAE;
			productRefGroup = 00B7063C17FB78270011EAAE /* Products */;
			projectDirPath = "";
			projectRoot = "";
			targets = (
				00B7063A17FB78270011EAAE /* Vizoal */,
				00B7065E17FB78280011EAAE /* VizoalTests */,
			);
		};
/* End PBXProject section */

/* Begin PBXResourcesBuildPhase section */
		00B7063917FB78270011EAAE /* Resources */ = {
			isa = PBXResourcesBuildPhase;
			buildActionMask = 2147483647;
			files = (
				3311F2681836E363009F7807 /* bubble-square-incoming.png in Resources */,
				00A952C2180B7952004547C4 /* Default@2x.png in Resources */,
				00A952C0180B7952004547C4 /* Default-568h@2x.png in Resources */,
				33EC31F0183C3CF800A7F315 /* 21.png in Resources */,
				009F18A5180242CB00BC385F /* 16.png in Resources */,
				3311F26B1836E363009F7807 /* bubble-square-outgoing-selected@2x.png in Resources */,
				00EFC7E51842B5A1006E75A3 /* soccerfield-Large.png in Resources */,
				3311F2721836E363009F7807 /* input-field.png in Resources */,
				3311F25D1836E363009F7807 /* bubble-default-incoming-selected@2x.png in Resources */,
				3311F2671836E363009F7807 /* bubble-square-incoming-selected@2x.png in Resources */,
				007C9CE218176B8200DA235C /* country-placeholder.png in Resources */,
				338F68A318428C99007A6BD9 /* Player-position-icon-1.png in Resources */,
				3311F26F1836E363009F7807 /* bubble-typing@2x.png in Resources */,
				007C9CE118176B8200DA235C /* player-placeholder2.png in Resources */,
				3311F26D1836E363009F7807 /* bubble-square-outgoing@2x.png in Resources */,
				3311F2781836E363009F7807 /* messageReceived.aiff in Resources */,
				007C9CE018176B8200DA235C /* club placeholder.png in Resources */,
				00B7065A17FB78280011EAAE /* Images.xcassets in Resources */,
				3311F2791836E363009F7807 /* messageSent.aiff in Resources */,
				3311F25C1836E363009F7807 /* bubble-default-incoming-selected.png in Resources */,
				3311F2611836E363009F7807 /* bubble-default-outgoing-green@2x.png in Resources */,
				3311F2731836E363009F7807 /* input-field@2x.png in Resources */,
				33EC31EF183C3CF800A7F315 /* 19.png in Resources */,
				00B7065217FB78280011EAAE /* Main_iPhone.storyboard in Resources */,
				00A952BC180B7952004547C4 /* background-gradient.png in Resources */,
				00A952BE180B7952004547C4 /* button-background.png in Resources */,
				3311F2761836E363009F7807 /* send.png in Resources */,
				00B7064917FB78280011EAAE /* InfoPlist.strings in Resources */,
				33EC31EE183C3CF800A7F315 /* 17.png in Resources */,
				338F68A418428C99007A6BD9 /* Player-position-icon-2.png in Resources */,
				3311F25B1836E363009F7807 /* bubble-default-incoming-green@2x.png in Resources */,
				3311F2601836E363009F7807 /* bubble-default-outgoing-green.png in Resources */,
				00A952C1180B7952004547C4 /* Default.png in Resources */,
				338F68A718428C99007A6BD9 /* Player-position-icon-5.png in Resources */,
				3311F2741836E363009F7807 /* send-highlighted.png in Resources */,
				3311F25F1836E363009F7807 /* bubble-default-incoming@2x.png in Resources */,
				3311F2661836E363009F7807 /* bubble-square-incoming-selected.png in Resources */,
				3311F2701836E363009F7807 /* input-bar.png in Resources */,
				3311F26E1836E363009F7807 /* bubble-typing.png in Resources */,
				3311F26A1836E363009F7807 /* bubble-square-outgoing-selected.png in Resources */,
				00B7069817FBCA760011EAAE /* Vizicon2.png in Resources */,
				3311F2621836E363009F7807 /* bubble-default-outgoing-selected.png in Resources */,
				3311F2641836E363009F7807 /* bubble-default-outgoing.png in Resources */,
				33EC31ED183C3CF800A7F315 /* 15.png in Resources */,
				3311F2751836E363009F7807 /* send-highlighted@2x.png in Resources */,
				00080BB8181D94B800CCF4BF /* Vizoal-Icon-Green.png in Resources */,
				33EC31EC183C3CF800A7F315 /* 11.png in Resources */,
				3311F25E1836E363009F7807 /* bubble-default-incoming.png in Resources */,
				338F68A618428C99007A6BD9 /* Player-position-icon-4.png in Resources */,
				338F68A518428C99007A6BD9 /* Player-position-icon-3.png in Resources */,
				3311F2691836E363009F7807 /* bubble-square-incoming@2x.png in Resources */,
				3311F2651836E363009F7807 /* bubble-default-outgoing@2x.png in Resources */,
				3311F26C1836E363009F7807 /* bubble-square-outgoing.png in Resources */,
				00A952BD180B7952004547C4 /* background-gradient@2x.png in Resources */,
				3311F2771836E363009F7807 /* send@2x.png in Resources */,
				3311F2711836E363009F7807 /* input-bar@2x.png in Resources */,
				00B7069917FBCA760011EAAE /* Vizoal-Icon-Green.png in Resources */,
				3311F2631836E363009F7807 /* bubble-default-outgoing-selected@2x.png in Resources */,
				3311F25A1836E363009F7807 /* bubble-default-incoming-green.png in Resources */,
				00A952BF180B7952004547C4 /* button-background@2x.png in Resources */,
				00B7067717FB7D500011EAAE /* content_iPhone.plist in Resources */,
			);
			runOnlyForDeploymentPostprocessing = 0;
		};
		00B7065D17FB78280011EAAE /* Resources */ = {
			isa = PBXResourcesBuildPhase;
			buildActionMask = 2147483647;
			files = (
				00B7066B17FB78280011EAAE /* InfoPlist.strings in Resources */,
			);
			runOnlyForDeploymentPostprocessing = 0;
		};
/* End PBXResourcesBuildPhase section */

/* Begin PBXSourcesBuildPhase section */
		00B7063717FB78270011EAAE /* Sources */ = {
			isa = PBXSourcesBuildPhase;
			buildActionMask = 2147483647;
			files = (
				00B7068D17FB94690011EAAE /* PlayerCell.m in Sources */,
				3302CED7180E16A40021F533 /* PlayerProfileDetailVC_tab2.m in Sources */,
				00080BBE181DDA2500CCF4BF /* APActivityIcon.m in Sources */,
				00B7068B17FB94690011EAAE /* ClubTVC.m in Sources */,
				3311F27A1836E363009F7807 /* UIButton+JSMessagesView.m in Sources */,
				3311F2581836E363009F7807 /* JSMessagesViewController.m in Sources */,
				00A952AB180B7920004547C4 /* HomePageVC.m in Sources */,
				3311F27B1836E363009F7807 /* UIColor+JSMessagesView.m in Sources */,
				00B7069317FBBFDB0011EAAE /* PlayerProfileVC.m in Sources */,
				3302CEDA180E16B20021F533 /* PlayerProfileDetailVC_tab3.m in Sources */,
				00B7064B17FB78280011EAAE /* main.m in Sources */,
				3302CEDD180E16BF0021F533 /* PlayerProfileDetailVC_tab4.m in Sources */,
				3311F2571836E363009F7807 /* JSMessageSoundEffect.m in Sources */,
				33EC31F3183C3DE400A7F315 /* LeagueCell.m in Sources */,
				0095412C1803BDB300E02794 /* playerProfileDetailTBC.m in Sources */,
				009541611804EDF500E02794 /* PlayerPhoto+Internet.m in Sources */,
				0095414F1804CF0C00E02794 /* TopPlayersTVC.m in Sources */,
				00080BBB181DD9AB00CCF4BF /* APActivityProvider.m in Sources */,
				3311F27C1836E363009F7807 /* UIImage+JSMessagesView.m in Sources */,
				3311F2551836E363009F7807 /* JSDismissiveTextView.m in Sources */,
				33FBC82F1818AF770047E9F6 /* LoginViewController.m in Sources */,
				336045121830378B005D8EEB /* LeagueTVC.m in Sources */,
				3302CEC8180DD75F0021F533 /* PlayerHdPhoto.m in Sources */,
				00B7068C17FB94690011EAAE /* ClubCell.m in Sources */,
				3311F2591836E363009F7807 /* NSString+JSMessagesView.m in Sources */,
				3311F2531836E363009F7807 /* JSBubbleMessageCell.m in Sources */,
				009541291803BAED00E02794 /* PlayerProfileDetailVC_tab1.m in Sources */,
				3311F2541836E363009F7807 /* JSBubbleView.m in Sources */,
				3311F27D1836E363009F7807 /* UIView+AnimationOptionsForCurve.m in Sources */,
				00B7068E17FB94690011EAAE /* ClubPlayersTVC.m in Sources */,
				3311F2561836E363009F7807 /* JSMessageInputView.m in Sources */,
				33FBC8321818B2300047E9F6 /* LoginView.m in Sources */,
				0095415E1804E39F00E02794 /* PlayerPhoto.m in Sources */,
				00B7064F17FB78280011EAAE /* PGCAppDelegate.m in Sources */,
				00A952AC180B7920004547C4 /* ICETutorialPage.m in Sources */,
				3302CECB180DD77A0021F533 /* PlayerHdPhoto+Internet.m in Sources */,
				0095415B1804E35C00E02794 /* Model.xcdatamodeld in Sources */,
			);
			runOnlyForDeploymentPostprocessing = 0;
		};
		00B7065B17FB78280011EAAE /* Sources */ = {
			isa = PBXSourcesBuildPhase;
			buildActionMask = 2147483647;
			files = (
				00B7066D17FB78280011EAAE /* PGCTests.m in Sources */,
			);
			runOnlyForDeploymentPostprocessing = 0;
		};
/* End PBXSourcesBuildPhase section */

/* Begin PBXTargetDependency section */
		00B7066517FB78280011EAAE /* PBXTargetDependency */ = {
			isa = PBXTargetDependency;
			target = 00B7063A17FB78270011EAAE /* Vizoal */;
			targetProxy = 00B7066417FB78280011EAAE /* PBXContainerItemProxy */;
		};
/* End PBXTargetDependency section */

/* Begin PBXVariantGroup section */
		00B7064717FB78280011EAAE /* InfoPlist.strings */ = {
			isa = PBXVariantGroup;
			children = (
				00B7064817FB78280011EAAE /* en */,
			);
			name = InfoPlist.strings;
			sourceTree = "<group>";
		};
		00B7065017FB78280011EAAE /* Main_iPhone.storyboard */ = {
			isa = PBXVariantGroup;
			children = (
				00B7065117FB78280011EAAE /* Base */,
			);
			name = Main_iPhone.storyboard;
			sourceTree = "<group>";
		};
		00B7066917FB78280011EAAE /* InfoPlist.strings */ = {
			isa = PBXVariantGroup;
			children = (
				00B7066A17FB78280011EAAE /* en */,
			);
			name = InfoPlist.strings;
			sourceTree = "<group>";
		};
/* End PBXVariantGroup section */

/* Begin XCBuildConfiguration section */
		00B7066E17FB78280011EAAE /* Debug */ = {
			isa = XCBuildConfiguration;
			buildSettings = {
				ALWAYS_SEARCH_USER_PATHS = NO;
				ARCHS = "$(ARCHS_STANDARD_INCLUDING_64_BIT)";
				CLANG_CXX_LANGUAGE_STANDARD = "gnu++0x";
				CLANG_CXX_LIBRARY = "libc++";
				CLANG_ENABLE_MODULES = YES;
				CLANG_ENABLE_OBJC_ARC = YES;
				CLANG_WARN_BOOL_CONVERSION = YES;
				CLANG_WARN_CONSTANT_CONVERSION = YES;
				CLANG_WARN_DIRECT_OBJC_ISA_USAGE = YES_ERROR;
				CLANG_WARN_EMPTY_BODY = YES;
				CLANG_WARN_ENUM_CONVERSION = YES;
				CLANG_WARN_INT_CONVERSION = YES;
				CLANG_WARN_OBJC_ROOT_CLASS = YES_ERROR;
				CLANG_WARN__DUPLICATE_METHOD_MATCH = YES;
				"CODE_SIGN_IDENTITY[sdk=iphoneos*]" = "iPhone Developer";
				COPY_PHASE_STRIP = NO;
				GCC_C_LANGUAGE_STANDARD = gnu99;
				GCC_DYNAMIC_NO_PIC = NO;
				GCC_OPTIMIZATION_LEVEL = 0;
				GCC_PREPROCESSOR_DEFINITIONS = (
					"DEBUG=1",
					"$(inherited)",
				);
				GCC_SYMBOLS_PRIVATE_EXTERN = NO;
				GCC_WARN_64_TO_32_BIT_CONVERSION = YES;
				GCC_WARN_ABOUT_RETURN_TYPE = YES_ERROR;
				GCC_WARN_UNDECLARED_SELECTOR = YES;
				GCC_WARN_UNINITIALIZED_AUTOS = YES;
				GCC_WARN_UNUSED_FUNCTION = YES;
				GCC_WARN_UNUSED_VARIABLE = YES;
				IPHONEOS_DEPLOYMENT_TARGET = 7.0;
				ONLY_ACTIVE_ARCH = YES;
				SDKROOT = iphoneos;
				TARGETED_DEVICE_FAMILY = "1,2";
			};
			name = Debug;
		};
		00B7066F17FB78280011EAAE /* Release */ = {
			isa = XCBuildConfiguration;
			buildSettings = {
				ALWAYS_SEARCH_USER_PATHS = NO;
				ARCHS = "$(ARCHS_STANDARD_INCLUDING_64_BIT)";
				CLANG_CXX_LANGUAGE_STANDARD = "gnu++0x";
				CLANG_CXX_LIBRARY = "libc++";
				CLANG_ENABLE_MODULES = YES;
				CLANG_ENABLE_OBJC_ARC = YES;
				CLANG_WARN_BOOL_CONVERSION = YES;
				CLANG_WARN_CONSTANT_CONVERSION = YES;
				CLANG_WARN_DIRECT_OBJC_ISA_USAGE = YES_ERROR;
				CLANG_WARN_EMPTY_BODY = YES;
				CLANG_WARN_ENUM_CONVERSION = YES;
				CLANG_WARN_INT_CONVERSION = YES;
				CLANG_WARN_OBJC_ROOT_CLASS = YES_ERROR;
				CLANG_WARN__DUPLICATE_METHOD_MATCH = YES;
				"CODE_SIGN_IDENTITY[sdk=iphoneos*]" = "iPhone Developer";
				COPY_PHASE_STRIP = YES;
				ENABLE_NS_ASSERTIONS = NO;
				GCC_C_LANGUAGE_STANDARD = gnu99;
				GCC_WARN_64_TO_32_BIT_CONVERSION = YES;
				GCC_WARN_ABOUT_RETURN_TYPE = YES_ERROR;
				GCC_WARN_UNDECLARED_SELECTOR = YES;
				GCC_WARN_UNINITIALIZED_AUTOS = YES;
				GCC_WARN_UNUSED_FUNCTION = YES;
				GCC_WARN_UNUSED_VARIABLE = YES;
				IPHONEOS_DEPLOYMENT_TARGET = 7.0;
				SDKROOT = iphoneos;
				TARGETED_DEVICE_FAMILY = "1,2";
				VALIDATE_PRODUCT = YES;
			};
			name = Release;
		};
		00B7067117FB78280011EAAE /* Debug */ = {
			isa = XCBuildConfiguration;
			buildSettings = {
				ASSETCATALOG_COMPILER_APPICON_NAME = AppIcon;
				ASSETCATALOG_COMPILER_LAUNCHIMAGE_NAME = LaunchImage;
				CODE_SIGN_IDENTITY = "iPhone Developer";
				"CODE_SIGN_IDENTITY[sdk=iphoneos*]" = "iPhone Developer";
				FRAMEWORK_SEARCH_PATHS = (
					"$(inherited)",
					/Users/xiaoshuai/Documents/devolper/PGC,
					/Users/shuaixiao/Documents/FacebookSDK,
				);
				GCC_PRECOMPILE_PREFIX_HEADER = YES;
				GCC_PREFIX_HEADER = "PGC/Vizoal-Prefix.pch";
				INFOPLIST_FILE = "PGC/Vizoal-Info.plist";
				PRODUCT_NAME = Vizoal;
				PROVISIONING_PROFILE = "";
				TARGETED_DEVICE_FAMILY = 1;
				WRAPPER_EXTENSION = app;
			};
			name = Debug;
		};
		00B7067217FB78280011EAAE /* Release */ = {
			isa = XCBuildConfiguration;
			buildSettings = {
				ASSETCATALOG_COMPILER_APPICON_NAME = AppIcon;
				ASSETCATALOG_COMPILER_LAUNCHIMAGE_NAME = LaunchImage;
				CODE_SIGN_IDENTITY = "iPhone Developer";
				"CODE_SIGN_IDENTITY[sdk=iphoneos*]" = "iPhone Developer";
				FRAMEWORK_SEARCH_PATHS = (
					"$(inherited)",
					/Users/xiaoshuai/Documents/devolper/PGC,
					/Users/shuaixiao/Documents/FacebookSDK,
				);
				GCC_PRECOMPILE_PREFIX_HEADER = YES;
				GCC_PREFIX_HEADER = "PGC/Vizoal-Prefix.pch";
				INFOPLIST_FILE = "PGC/Vizoal-Info.plist";
				PRODUCT_NAME = Vizoal;
				PROVISIONING_PROFILE = "";
				TARGETED_DEVICE_FAMILY = 1;
				WRAPPER_EXTENSION = app;
			};
			name = Release;
		};
		00B7067417FB78280011EAAE /* Debug */ = {
			isa = XCBuildConfiguration;
			buildSettings = {
				ARCHS = "$(ARCHS_STANDARD_INCLUDING_64_BIT)";
				BUNDLE_LOADER = "$(BUILT_PRODUCTS_DIR)/PGC.app/PGC";
				FRAMEWORK_SEARCH_PATHS = (
					"$(SDKROOT)/Developer/Library/Frameworks",
					"$(inherited)",
					"$(DEVELOPER_FRAMEWORKS_DIR)",
				);
				GCC_PRECOMPILE_PREFIX_HEADER = YES;
				GCC_PREFIX_HEADER = "PGC/PGC-Prefix.pch";
				GCC_PREPROCESSOR_DEFINITIONS = (
					"DEBUG=1",
					"$(inherited)",
				);
				INFOPLIST_FILE = "PGCTests/VizoalTests-Info.plist";
				PRODUCT_NAME = VizoalTests;
				TEST_HOST = "$(BUNDLE_LOADER)";
				WRAPPER_EXTENSION = xctest;
			};
			name = Debug;
		};
		00B7067517FB78280011EAAE /* Release */ = {
			isa = XCBuildConfiguration;
			buildSettings = {
				ARCHS = "$(ARCHS_STANDARD_INCLUDING_64_BIT)";
				BUNDLE_LOADER = "$(BUILT_PRODUCTS_DIR)/PGC.app/PGC";
				FRAMEWORK_SEARCH_PATHS = (
					"$(SDKROOT)/Developer/Library/Frameworks",
					"$(inherited)",
					"$(DEVELOPER_FRAMEWORKS_DIR)",
				);
				GCC_PRECOMPILE_PREFIX_HEADER = YES;
				GCC_PREFIX_HEADER = "PGC/PGC-Prefix.pch";
				INFOPLIST_FILE = "PGCTests/VizoalTests-Info.plist";
				PRODUCT_NAME = VizoalTests;
				TEST_HOST = "$(BUNDLE_LOADER)";
				WRAPPER_EXTENSION = xctest;
			};
			name = Release;
		};
/* End XCBuildConfiguration section */

/* Begin XCConfigurationList section */
		00B7063617FB78270011EAAE /* Build configuration list for PBXProject "Vizoal" */ = {
			isa = XCConfigurationList;
			buildConfigurations = (
				00B7066E17FB78280011EAAE /* Debug */,
				00B7066F17FB78280011EAAE /* Release */,
			);
			defaultConfigurationIsVisible = 0;
			defaultConfigurationName = Release;
		};
		00B7067017FB78280011EAAE /* Build configuration list for PBXNativeTarget "Vizoal" */ = {
			isa = XCConfigurationList;
			buildConfigurations = (
				00B7067117FB78280011EAAE /* Debug */,
				00B7067217FB78280011EAAE /* Release */,
			);
			defaultConfigurationIsVisible = 0;
			defaultConfigurationName = Release;
		};
		00B7067317FB78280011EAAE /* Build configuration list for PBXNativeTarget "VizoalTests" */ = {
			isa = XCConfigurationList;
			buildConfigurations = (
				00B7067417FB78280011EAAE /* Debug */,
				00B7067517FB78280011EAAE /* Release */,
			);
			defaultConfigurationIsVisible = 0;
			defaultConfigurationName = Release;
		};
/* End XCConfigurationList section */

/* Begin XCVersionGroup section */
		009541591804E35C00E02794 /* Model.xcdatamodeld */ = {
			isa = XCVersionGroup;
			children = (
				0095415A1804E35C00E02794 /* Model.xcdatamodel */,
			);
			currentVersion = 0095415A1804E35C00E02794 /* Model.xcdatamodel */;
			path = Model.xcdatamodeld;
			sourceTree = "<group>";
			versionGroupType = wrapper.xcdatamodel;
		};
/* End XCVersionGroup section */
	};
	rootObject = 00B7063317FB78270011EAAE /* Project object */;
}
